// !$*UTF8*$!
{
	archiveVersion = 1;
	classes = {
	};
	objectVersion = 46;
	objects = {

/* Begin PBXBuildFile section */
		8E3C2FDE1DD78AB000F53AA4 /* NSString+CFDStringExtension.m in Sources */ = {isa = PBXBuildFile; fileRef = 8E3C2FDD1DD78AB000F53AA4 /* NSString+CFDStringExtension.m */; };
		8E3C2FE61DD89FEE00F53AA4 /* CFDDetailsViewController.m in Sources */ = {isa = PBXBuildFile; fileRef = 8E3C2FE51DD89FEE00F53AA4 /* CFDDetailsViewController.m */; };
		8ECA67441DCA634200A0E241 /* main.m in Sources */ = {isa = PBXBuildFile; fileRef = 8ECA67431DCA634200A0E241 /* main.m */; };
		8ECA67471DCA634200A0E241 /* AppDelegate.m in Sources */ = {isa = PBXBuildFile; fileRef = 8ECA67461DCA634200A0E241 /* AppDelegate.m */; };
		8ECA674D1DCA634200A0E241 /* Main.storyboard in Resources */ = {isa = PBXBuildFile; fileRef = 8ECA674B1DCA634200A0E241 /* Main.storyboard */; };
		8ECA674F1DCA634200A0E241 /* Assets.xcassets in Resources */ = {isa = PBXBuildFile; fileRef = 8ECA674E1DCA634200A0E241 /* Assets.xcassets */; };
		8ECA67521DCA634200A0E241 /* LaunchScreen.storyboard in Resources */ = {isa = PBXBuildFile; fileRef = 8ECA67501DCA634200A0E241 /* LaunchScreen.storyboard */; };
		8ECA675B1DCAA30F00A0E241 /* CFDStackOverflowNetworkManager.m in Sources */ = {isa = PBXBuildFile; fileRef = 8ECA675A1DCAA30F00A0E241 /* CFDStackOverflowNetworkManager.m */; };
		8ED1EFFE1DCDFC5100C1AC8E /* CFDBBCNetworkManager.m in Sources */ = {isa = PBXBuildFile; fileRef = 8ED1EFFD1DCDFC5100C1AC8E /* CFDBBCNetworkManager.m */; };
		8ED1F0021DCE05F100C1AC8E /* CFDBBCArticle.m in Sources */ = {isa = PBXBuildFile; fileRef = 8ED1F0011DCE05F100C1AC8E /* CFDBBCArticle.m */; };
		8ED1F01E1DCE28E700C1AC8E /* CFDStackOverflowPost.m in Sources */ = {isa = PBXBuildFile; fileRef = 8ED1F01D1DCE28E700C1AC8E /* CFDStackOverflowPost.m */; };
		8ED1F0221DCF49D000C1AC8E /* NSDate+CFDDateConverter.m in Sources */ = {isa = PBXBuildFile; fileRef = 8ED1F0211DCF49D000C1AC8E /* NSDate+CFDDateConverter.m */; };
		8ED1F02E1DCF776A00C1AC8E /* CFDMainViewController.m in Sources */ = {isa = PBXBuildFile; fileRef = 8ED1F02D1DCF776A00C1AC8E /* CFDMainViewController.m */; };
		8ED1F0321DCF77D600C1AC8E /* CFDAllFeedsDataSource.m in Sources */ = {isa = PBXBuildFile; fileRef = 8ED1F0311DCF77D600C1AC8E /* CFDAllFeedsDataSource.m */; };
		8ED1F0361DCF780900C1AC8E /* CFDBBCFeedsDataSource.m in Sources */ = {isa = PBXBuildFile; fileRef = 8ED1F0351DCF780900C1AC8E /* CFDBBCFeedsDataSource.m */; };
		8ED1F03A1DCF785800C1AC8E /* CFDStackOverflowFeedsDataSource.m in Sources */ = {isa = PBXBuildFile; fileRef = 8ED1F0391DCF785800C1AC8E /* CFDStackOverflowFeedsDataSource.m */; };
		8ED1F0401DCF78B700C1AC8E /* CFDStackOverflowTableViewCell.m in Sources */ = {isa = PBXBuildFile; fileRef = 8ED1F03F1DCF78B700C1AC8E /* CFDStackOverflowTableViewCell.m */; };
		8ED1F0441DCF78DC00C1AC8E /* CFDBBCTableViewCell.m in Sources */ = {isa = PBXBuildFile; fileRef = 8ED1F0431DCF78DC00C1AC8E /* CFDBBCTableViewCell.m */; };
		8ED1F04A1DCF80EC00C1AC8E /* UIViewController+CFDErrorAlert.m in Sources */ = {isa = PBXBuildFile; fileRef = 8ED1F0491DCF80EC00C1AC8E /* UIViewController+CFDErrorAlert.m */; };
		F44CF45A07649D7F88A8A2F1 /* libPods-CrossFeed.a in Frameworks */ = {isa = PBXBuildFile; fileRef = 85A0FE98531C5A004FB43CDF /* libPods-CrossFeed.a */; };
/* End PBXBuildFile section */

/* Begin PBXFileReference section */
		76BB9F63E8CFE7BF8FDE8170 /* Pods-CrossFeed.release.xcconfig */ = {isa = PBXFileReference; includeInIndex = 1; lastKnownFileType = text.xcconfig; name = "Pods-CrossFeed.release.xcconfig"; path = "Pods/Target Support Files/Pods-CrossFeed/Pods-CrossFeed.release.xcconfig"; sourceTree = "<group>"; };
		85A0FE98531C5A004FB43CDF /* libPods-CrossFeed.a */ = {isa = PBXFileReference; explicitFileType = archive.ar; includeInIndex = 0; path = "libPods-CrossFeed.a"; sourceTree = BUILT_PRODUCTS_DIR; };
		8E3C2FDC1DD78AB000F53AA4 /* NSString+CFDStringExtension.h */ = {isa = PBXFileReference; fileEncoding = 4; lastKnownFileType = sourcecode.c.h; name = "NSString+CFDStringExtension.h"; path = "Common/NSString+CFDStringExtension.h"; sourceTree = "<group>"; };
		8E3C2FDD1DD78AB000F53AA4 /* NSString+CFDStringExtension.m */ = {isa = PBXFileReference; fileEncoding = 4; lastKnownFileType = sourcecode.c.objc; name = "NSString+CFDStringExtension.m"; path = "Common/NSString+CFDStringExtension.m"; sourceTree = "<group>"; };
		8E3C2FE41DD89FEE00F53AA4 /* CFDDetailsViewController.h */ = {isa = PBXFileReference; fileEncoding = 4; lastKnownFileType = sourcecode.c.h; name = CFDDetailsViewController.h; path = Controllers/BBCArticleViewController/CFDDetailsViewController.h; sourceTree = "<group>"; };
		8E3C2FE51DD89FEE00F53AA4 /* CFDDetailsViewController.m */ = {isa = PBXFileReference; fileEncoding = 4; lastKnownFileType = sourcecode.c.objc; name = CFDDetailsViewController.m; path = Controllers/BBCArticleViewController/CFDDetailsViewController.m; sourceTree = "<group>"; };
		8ECA673F1DCA634200A0E241 /* CrossFeed.app */ = {isa = PBXFileReference; explicitFileType = wrapper.application; includeInIndex = 0; path = CrossFeed.app; sourceTree = BUILT_PRODUCTS_DIR; };
		8ECA67431DCA634200A0E241 /* main.m */ = {isa = PBXFileReference; lastKnownFileType = sourcecode.c.objc; path = main.m; sourceTree = "<group>"; };
		8ECA67451DCA634200A0E241 /* AppDelegate.h */ = {isa = PBXFileReference; lastKnownFileType = sourcecode.c.h; path = AppDelegate.h; sourceTree = "<group>"; };
		8ECA67461DCA634200A0E241 /* AppDelegate.m */ = {isa = PBXFileReference; lastKnownFileType = sourcecode.c.objc; path = AppDelegate.m; sourceTree = "<group>"; };
		8ECA674C1DCA634200A0E241 /* Base */ = {isa = PBXFileReference; lastKnownFileType = file.storyboard; name = Base; path = Base.lproj/Main.storyboard; sourceTree = "<group>"; };
		8ECA674E1DCA634200A0E241 /* Assets.xcassets */ = {isa = PBXFileReference; lastKnownFileType = folder.assetcatalog; path = Assets.xcassets; sourceTree = "<group>"; };
		8ECA67511DCA634200A0E241 /* Base */ = {isa = PBXFileReference; lastKnownFileType = file.storyboard; name = Base; path = Base.lproj/LaunchScreen.storyboard; sourceTree = "<group>"; };
		8ECA67531DCA634200A0E241 /* Info.plist */ = {isa = PBXFileReference; lastKnownFileType = text.plist.xml; path = Info.plist; sourceTree = "<group>"; };
		8ECA67591DCAA30F00A0E241 /* CFDStackOverflowNetworkManager.h */ = {isa = PBXFileReference; fileEncoding = 4; lastKnownFileType = sourcecode.c.h; name = CFDStackOverflowNetworkManager.h; path = CFNetworkManager/CFDStackOverflowNetworkManager.h; sourceTree = "<group>"; };
		8ECA675A1DCAA30F00A0E241 /* CFDStackOverflowNetworkManager.m */ = {isa = PBXFileReference; fileEncoding = 4; lastKnownFileType = sourcecode.c.objc; name = CFDStackOverflowNetworkManager.m; path = CFNetworkManager/CFDStackOverflowNetworkManager.m; sourceTree = "<group>"; };
		8ED1EFFC1DCDFC5100C1AC8E /* CFDBBCNetworkManager.h */ = {isa = PBXFileReference; fileEncoding = 4; lastKnownFileType = sourcecode.c.h; name = CFDBBCNetworkManager.h; path = CFXMLParser/CFDBBCNetworkManager.h; sourceTree = "<group>"; };
		8ED1EFFD1DCDFC5100C1AC8E /* CFDBBCNetworkManager.m */ = {isa = PBXFileReference; fileEncoding = 4; lastKnownFileType = sourcecode.c.objc; name = CFDBBCNetworkManager.m; path = CFXMLParser/CFDBBCNetworkManager.m; sourceTree = "<group>"; };
		8ED1F0001DCE05F100C1AC8E /* CFDBBCArticle.h */ = {isa = PBXFileReference; fileEncoding = 4; lastKnownFileType = sourcecode.c.h; name = CFDBBCArticle.h; path = CFBBCArticle/CFDBBCArticle.h; sourceTree = "<group>"; };
		8ED1F0011DCE05F100C1AC8E /* CFDBBCArticle.m */ = {isa = PBXFileReference; fileEncoding = 4; lastKnownFileType = sourcecode.c.objc; name = CFDBBCArticle.m; path = CFBBCArticle/CFDBBCArticle.m; sourceTree = "<group>"; };
		8ED1F01C1DCE28E700C1AC8E /* CFDStackOverflowPost.h */ = {isa = PBXFileReference; fileEncoding = 4; lastKnownFileType = sourcecode.c.h; name = CFDStackOverflowPost.h; path = CFStackOverFlowPost/CFDStackOverflowPost.h; sourceTree = "<group>"; };
		8ED1F01D1DCE28E700C1AC8E /* CFDStackOverflowPost.m */ = {isa = PBXFileReference; fileEncoding = 4; lastKnownFileType = sourcecode.c.objc; name = CFDStackOverflowPost.m; path = CFStackOverFlowPost/CFDStackOverflowPost.m; sourceTree = "<group>"; };
		8ED1F0201DCF49D000C1AC8E /* NSDate+CFDDateConverter.h */ = {isa = PBXFileReference; fileEncoding = 4; lastKnownFileType = sourcecode.c.h; name = "NSDate+CFDDateConverter.h"; path = "Common/NSDate+CFDDateConverter.h"; sourceTree = "<group>"; };
		8ED1F0211DCF49D000C1AC8E /* NSDate+CFDDateConverter.m */ = {isa = PBXFileReference; fileEncoding = 4; lastKnownFileType = sourcecode.c.objc; name = "NSDate+CFDDateConverter.m"; path = "Common/NSDate+CFDDateConverter.m"; sourceTree = "<group>"; };
		8ED1F02C1DCF776A00C1AC8E /* CFDMainViewController.h */ = {isa = PBXFileReference; fileEncoding = 4; lastKnownFileType = sourcecode.c.h; name = CFDMainViewController.h; path = Controllers/CFMainViewController/CFDMainViewController.h; sourceTree = "<group>"; };
		8ED1F02D1DCF776A00C1AC8E /* CFDMainViewController.m */ = {isa = PBXFileReference; fileEncoding = 4; lastKnownFileType = sourcecode.c.objc; name = CFDMainViewController.m; path = Controllers/CFMainViewController/CFDMainViewController.m; sourceTree = "<group>"; };
		8ED1F0301DCF77D600C1AC8E /* CFDAllFeedsDataSource.h */ = {isa = PBXFileReference; fileEncoding = 4; lastKnownFileType = sourcecode.c.h; name = CFDAllFeedsDataSource.h; path = Controllers/CFMainViewController/DataSources/CFAllFeedsDataSource/CFDAllFeedsDataSource.h; sourceTree = "<group>"; };
		8ED1F0311DCF77D600C1AC8E /* CFDAllFeedsDataSource.m */ = {isa = PBXFileReference; fileEncoding = 4; lastKnownFileType = sourcecode.c.objc; name = CFDAllFeedsDataSource.m; path = Controllers/CFMainViewController/DataSources/CFAllFeedsDataSource/CFDAllFeedsDataSource.m; sourceTree = "<group>"; };
		8ED1F0341DCF780900C1AC8E /* CFDBBCFeedsDataSource.h */ = {isa = PBXFileReference; fileEncoding = 4; lastKnownFileType = sourcecode.c.h; name = CFDBBCFeedsDataSource.h; path = Controllers/CFMainViewController/DataSources/CFBBCFeedsDataSource/CFDBBCFeedsDataSource.h; sourceTree = "<group>"; };
		8ED1F0351DCF780900C1AC8E /* CFDBBCFeedsDataSource.m */ = {isa = PBXFileReference; fileEncoding = 4; lastKnownFileType = sourcecode.c.objc; name = CFDBBCFeedsDataSource.m; path = Controllers/CFMainViewController/DataSources/CFBBCFeedsDataSource/CFDBBCFeedsDataSource.m; sourceTree = "<group>"; };
		8ED1F0381DCF785800C1AC8E /* CFDStackOverflowFeedsDataSource.h */ = {isa = PBXFileReference; fileEncoding = 4; lastKnownFileType = sourcecode.c.h; name = CFDStackOverflowFeedsDataSource.h; path = Controllers/CFMainViewController/DataSources/CFStackOverflowFeedsDataSource/CFDStackOverflowFeedsDataSource.h; sourceTree = "<group>"; };
		8ED1F0391DCF785800C1AC8E /* CFDStackOverflowFeedsDataSource.m */ = {isa = PBXFileReference; fileEncoding = 4; lastKnownFileType = sourcecode.c.objc; name = CFDStackOverflowFeedsDataSource.m; path = Controllers/CFMainViewController/DataSources/CFStackOverflowFeedsDataSource/CFDStackOverflowFeedsDataSource.m; sourceTree = "<group>"; };
		8ED1F03E1DCF78B700C1AC8E /* CFDStackOverflowTableViewCell.h */ = {isa = PBXFileReference; fileEncoding = 4; lastKnownFileType = sourcecode.c.h; name = CFDStackOverflowTableViewCell.h; path = Controllers/CFMainViewController/Cells/CFStackOverflowTableViewCell/CFDStackOverflowTableViewCell.h; sourceTree = "<group>"; };
		8ED1F03F1DCF78B700C1AC8E /* CFDStackOverflowTableViewCell.m */ = {isa = PBXFileReference; fileEncoding = 4; lastKnownFileType = sourcecode.c.objc; name = CFDStackOverflowTableViewCell.m; path = Controllers/CFMainViewController/Cells/CFStackOverflowTableViewCell/CFDStackOverflowTableViewCell.m; sourceTree = "<group>"; };
		8ED1F0421DCF78DC00C1AC8E /* CFDBBCTableViewCell.h */ = {isa = PBXFileReference; fileEncoding = 4; lastKnownFileType = sourcecode.c.h; name = CFDBBCTableViewCell.h; path = Controllers/CFMainViewController/Cells/CFBBCTableViewCell/CFDBBCTableViewCell.h; sourceTree = "<group>"; };
		8ED1F0431DCF78DC00C1AC8E /* CFDBBCTableViewCell.m */ = {isa = PBXFileReference; fileEncoding = 4; lastKnownFileType = sourcecode.c.objc; name = CFDBBCTableViewCell.m; path = Controllers/CFMainViewController/Cells/CFBBCTableViewCell/CFDBBCTableViewCell.m; sourceTree = "<group>"; };
		8ED1F0481DCF80EC00C1AC8E /* UIViewController+CFDErrorAlert.h */ = {isa = PBXFileReference; fileEncoding = 4; lastKnownFileType = sourcecode.c.h; name = "UIViewController+CFDErrorAlert.h"; path = "Common/UIViewController+CFDErrorAlert.h"; sourceTree = "<group>"; };
		8ED1F0491DCF80EC00C1AC8E /* UIViewController+CFDErrorAlert.m */ = {isa = PBXFileReference; fileEncoding = 4; lastKnownFileType = sourcecode.c.objc; name = "UIViewController+CFDErrorAlert.m"; path = "Common/UIViewController+CFDErrorAlert.m"; sourceTree = "<group>"; };
		BA08587EABA4295A8AE3E8C7 /* Pods-CrossFeed.debug.xcconfig */ = {isa = PBXFileReference; includeInIndex = 1; lastKnownFileType = text.xcconfig; name = "Pods-CrossFeed.debug.xcconfig"; path = "Pods/Target Support Files/Pods-CrossFeed/Pods-CrossFeed.debug.xcconfig"; sourceTree = "<group>"; };
/* End PBXFileReference section */

/* Begin PBXFrameworksBuildPhase section */
		8ECA673C1DCA634200A0E241 /* Frameworks */ = {
			isa = PBXFrameworksBuildPhase;
			buildActionMask = 2147483647;
			files = (
				F44CF45A07649D7F88A8A2F1 /* libPods-CrossFeed.a in Frameworks */,
			);
			runOnlyForDeploymentPostprocessing = 0;
		};
/* End PBXFrameworksBuildPhase section */

/* Begin PBXGroup section */
		8E3C2FE71DD89FFD00F53AA4 /* CFDBBCArticleViewController */ = {
			isa = PBXGroup;
			children = (
				8E3C2FE41DD89FEE00F53AA4 /* CFDDetailsViewController.h */,
				8E3C2FE51DD89FEE00F53AA4 /* CFDDetailsViewController.m */,
			);
			name = CFDBBCArticleViewController;
			sourceTree = "<group>";
		};
		8ECA67361DCA634200A0E241 = {
			isa = PBXGroup;
			children = (
				8ECA67411DCA634200A0E241 /* CrossFeed */,
				8ECA67401DCA634200A0E241 /* Products */,
				AE253D723EB7A41F4BA221A9 /* Pods */,
				E88401D707D350169293BF74 /* Frameworks */,
			);
			sourceTree = "<group>";
		};
		8ECA67401DCA634200A0E241 /* Products */ = {
			isa = PBXGroup;
			children = (
				8ECA673F1DCA634200A0E241 /* CrossFeed.app */,
			);
			name = Products;
			sourceTree = "<group>";
		};
		8ECA67411DCA634200A0E241 /* CrossFeed */ = {
			isa = PBXGroup;
			children = (
				8ECA67451DCA634200A0E241 /* AppDelegate.h */,
				8ECA67461DCA634200A0E241 /* AppDelegate.m */,
				8ED1F0231DCF4EF500C1AC8E /* Common */,
				8ED1F0461DCF802900C1AC8E /* Model */,
				8ED1F0471DCF806900C1AC8E /* Managers */,
				8ED1F02B1DCF772500C1AC8E /* Controllers */,
				8ECA674B1DCA634200A0E241 /* Main.storyboard */,
				8ECA674E1DCA634200A0E241 /* Assets.xcassets */,
				8ECA67501DCA634200A0E241 /* LaunchScreen.storyboard */,
				8ECA67531DCA634200A0E241 /* Info.plist */,
				8ECA67421DCA634200A0E241 /* Supporting Files */,
			);
			path = CrossFeed;
			sourceTree = "<group>";
		};
		8ECA67421DCA634200A0E241 /* Supporting Files */ = {
			isa = PBXGroup;
			children = (
				8ECA67431DCA634200A0E241 /* main.m */,
			);
			name = "Supporting Files";
			sourceTree = "<group>";
		};
		8ECA675C1DCAA31900A0E241 /* CFStackOverflowNetworkManager */ = {
			isa = PBXGroup;
			children = (
				8ECA67591DCAA30F00A0E241 /* CFDStackOverflowNetworkManager.h */,
				8ECA675A1DCAA30F00A0E241 /* CFDStackOverflowNetworkManager.m */,
			);
			name = CFStackOverflowNetworkManager;
			sourceTree = "<group>";
		};
		8ED1EFFF1DCDFC5800C1AC8E /* CFBBCNetworkManager */ = {
			isa = PBXGroup;
			children = (
				8ED1EFFC1DCDFC5100C1AC8E /* CFDBBCNetworkManager.h */,
				8ED1EFFD1DCDFC5100C1AC8E /* CFDBBCNetworkManager.m */,
			);
			name = CFBBCNetworkManager;
			sourceTree = "<group>";
		};
		8ED1F0031DCE05F500C1AC8E /* BBCArticle */ = {
			isa = PBXGroup;
			children = (
				8ED1F0001DCE05F100C1AC8E /* CFDBBCArticle.h */,
				8ED1F0011DCE05F100C1AC8E /* CFDBBCArticle.m */,
			);
			name = BBCArticle;
			sourceTree = "<group>";
		};
		8ED1F01F1DCE28F200C1AC8E /* CFStackOverflowPost */ = {
			isa = PBXGroup;
			children = (
				8ED1F01C1DCE28E700C1AC8E /* CFDStackOverflowPost.h */,
				8ED1F01D1DCE28E700C1AC8E /* CFDStackOverflowPost.m */,
			);
			name = CFStackOverflowPost;
			sourceTree = "<group>";
		};
		8ED1F0231DCF4EF500C1AC8E /* Common */ = {
			isa = PBXGroup;
			children = (
				8ED1F0201DCF49D000C1AC8E /* NSDate+CFDDateConverter.h */,
				8ED1F0211DCF49D000C1AC8E /* NSDate+CFDDateConverter.m */,
				8ED1F0481DCF80EC00C1AC8E /* UIViewController+CFDErrorAlert.h */,
				8ED1F0491DCF80EC00C1AC8E /* UIViewController+CFDErrorAlert.m */,
				8E3C2FDC1DD78AB000F53AA4 /* NSString+CFDStringExtension.h */,
				8E3C2FDD1DD78AB000F53AA4 /* NSString+CFDStringExtension.m */,
			);
			name = Common;
			sourceTree = "<group>";
		};
		8ED1F02B1DCF772500C1AC8E /* Controllers */ = {
			isa = PBXGroup;
			children = (
				8ED1F02F1DCF777B00C1AC8E /* CFMainViewController */,
				8E3C2FE71DD89FFD00F53AA4 /* CFDBBCArticleViewController */,
			);
			name = Controllers;
			sourceTree = "<group>";
		};
		8ED1F02F1DCF777B00C1AC8E /* CFMainViewController */ = {
			isa = PBXGroup;
			children = (
				8ED1F02C1DCF776A00C1AC8E /* CFDMainViewController.h */,
				8ED1F02D1DCF776A00C1AC8E /* CFDMainViewController.m */,
				8ED1F03D1DCF788B00C1AC8E /* Cells */,
				8ED1F03C1DCF786700C1AC8E /* DataSources */,
			);
			name = CFMainViewController;
			sourceTree = "<group>";
		};
		8ED1F0331DCF77E000C1AC8E /* CFAllFeedsDataSource */ = {
			isa = PBXGroup;
			children = (
				8ED1F0301DCF77D600C1AC8E /* CFDAllFeedsDataSource.h */,
				8ED1F0311DCF77D600C1AC8E /* CFDAllFeedsDataSource.m */,
			);
			name = CFAllFeedsDataSource;
			sourceTree = "<group>";
		};
		8ED1F0371DCF780D00C1AC8E /* CFBBCFeedsDataSource */ = {
			isa = PBXGroup;
			children = (
				8ED1F0341DCF780900C1AC8E /* CFDBBCFeedsDataSource.h */,
				8ED1F0351DCF780900C1AC8E /* CFDBBCFeedsDataSource.m */,
			);
			name = CFBBCFeedsDataSource;
			sourceTree = "<group>";
		};
		8ED1F03B1DCF786200C1AC8E /* CFStackOverflowFeedsDataSource */ = {
			isa = PBXGroup;
			children = (
				8ED1F0381DCF785800C1AC8E /* CFDStackOverflowFeedsDataSource.h */,
				8ED1F0391DCF785800C1AC8E /* CFDStackOverflowFeedsDataSource.m */,
			);
			name = CFStackOverflowFeedsDataSource;
			sourceTree = "<group>";
		};
		8ED1F03C1DCF786700C1AC8E /* DataSources */ = {
			isa = PBXGroup;
			children = (
				8ED1F03B1DCF786200C1AC8E /* CFStackOverflowFeedsDataSource */,
				8ED1F0371DCF780D00C1AC8E /* CFBBCFeedsDataSource */,
				8ED1F0331DCF77E000C1AC8E /* CFAllFeedsDataSource */,
			);
			name = DataSources;
			sourceTree = "<group>";
		};
		8ED1F03D1DCF788B00C1AC8E /* Cells */ = {
			isa = PBXGroup;
			children = (
				8ED1F0411DCF78BC00C1AC8E /* CFStackOverflowTableViewCell */,
				8ED1F0451DCF78E600C1AC8E /* CFBBCTableViewCell */,
			);
			name = Cells;
			sourceTree = "<group>";
		};
		8ED1F0411DCF78BC00C1AC8E /* CFStackOverflowTableViewCell */ = {
			isa = PBXGroup;
			children = (
				8ED1F03E1DCF78B700C1AC8E /* CFDStackOverflowTableViewCell.h */,
				8ED1F03F1DCF78B700C1AC8E /* CFDStackOverflowTableViewCell.m */,
			);
			name = CFStackOverflowTableViewCell;
			sourceTree = "<group>";
		};
		8ED1F0451DCF78E600C1AC8E /* CFBBCTableViewCell */ = {
			isa = PBXGroup;
			children = (
				8ED1F0421DCF78DC00C1AC8E /* CFDBBCTableViewCell.h */,
				8ED1F0431DCF78DC00C1AC8E /* CFDBBCTableViewCell.m */,
			);
			name = CFBBCTableViewCell;
			sourceTree = "<group>";
		};
		8ED1F0461DCF802900C1AC8E /* Model */ = {
			isa = PBXGroup;
			children = (
				8ED1F0031DCE05F500C1AC8E /* BBCArticle */,
				8ED1F01F1DCE28F200C1AC8E /* CFStackOverflowPost */,
			);
			name = Model;
			sourceTree = "<group>";
		};
		8ED1F0471DCF806900C1AC8E /* Managers */ = {
			isa = PBXGroup;
			children = (
				8ECA675C1DCAA31900A0E241 /* CFStackOverflowNetworkManager */,
				8ED1EFFF1DCDFC5800C1AC8E /* CFBBCNetworkManager */,
			);
			name = Managers;
			sourceTree = "<group>";
		};
		AE253D723EB7A41F4BA221A9 /* Pods */ = {
			isa = PBXGroup;
			children = (
				BA08587EABA4295A8AE3E8C7 /* Pods-CrossFeed.debug.xcconfig */,
				76BB9F63E8CFE7BF8FDE8170 /* Pods-CrossFeed.release.xcconfig */,
			);
			name = Pods;
			sourceTree = "<group>";
		};
		E88401D707D350169293BF74 /* Frameworks */ = {
			isa = PBXGroup;
			children = (
				85A0FE98531C5A004FB43CDF /* libPods-CrossFeed.a */,
			);
			name = Frameworks;
			sourceTree = "<group>";
		};
/* End PBXGroup section */

/* Begin PBXNativeTarget section */
		8ECA673E1DCA634200A0E241 /* CrossFeed */ = {
			isa = PBXNativeTarget;
			buildConfigurationList = 8ECA67561DCA634200A0E241 /* Build configuration list for PBXNativeTarget "CrossFeed" */;
			buildPhases = (
				66A6E81B19521EB8F5E5D49B /* [CP] Check Pods Manifest.lock */,
				8ECA673B1DCA634200A0E241 /* Sources */,
				8ECA673C1DCA634200A0E241 /* Frameworks */,
				8ECA673D1DCA634200A0E241 /* Resources */,
				9300C8E3A192B0C07A6F852B /* [CP] Embed Pods Frameworks */,
				8687DC812D573EF443785B66 /* [CP] Copy Pods Resources */,
			);
			buildRules = (
			);
			dependencies = (
			);
			name = CrossFeed;
			productName = CrossFeed;
			productReference = 8ECA673F1DCA634200A0E241 /* CrossFeed.app */;
			productType = "com.apple.product-type.application";
		};
/* End PBXNativeTarget section */

/* Begin PBXProject section */
		8ECA67371DCA634200A0E241 /* Project object */ = {
			isa = PBXProject;
			attributes = {
				CLASSPREFIX = CFD;
				LastUpgradeCheck = 0800;
				ORGANIZATIONNAME = DanilVoitenko;
				TargetAttributes = {
					8ECA673E1DCA634200A0E241 = {
						CreatedOnToolsVersion = 8.0;
						DevelopmentTeam = A6LF3JN6LP;
						ProvisioningStyle = Automatic;
					};
				};
			};
			buildConfigurationList = 8ECA673A1DCA634200A0E241 /* Build configuration list for PBXProject "CrossFeed" */;
			compatibilityVersion = "Xcode 3.2";
			developmentRegion = English;
			hasScannedForEncodings = 0;
			knownRegions = (
				en,
				Base,
			);
			mainGroup = 8ECA67361DCA634200A0E241;
			productRefGroup = 8ECA67401DCA634200A0E241 /* Products */;
			projectDirPath = "";
			projectRoot = "";
			targets = (
				8ECA673E1DCA634200A0E241 /* CrossFeed */,
			);
		};
/* End PBXProject section */

/* Begin PBXResourcesBuildPhase section */
		8ECA673D1DCA634200A0E241 /* Resources */ = {
			isa = PBXResourcesBuildPhase;
			buildActionMask = 2147483647;
			files = (
				8ECA67521DCA634200A0E241 /* LaunchScreen.storyboard in Resources */,
				8ECA674F1DCA634200A0E241 /* Assets.xcassets in Resources */,
				8ECA674D1DCA634200A0E241 /* Main.storyboard in Resources */,
			);
			runOnlyForDeploymentPostprocessing = 0;
		};
/* End PBXResourcesBuildPhase section */

/* Begin PBXShellScriptBuildPhase section */
		66A6E81B19521EB8F5E5D49B /* [CP] Check Pods Manifest.lock */ = {
			isa = PBXShellScriptBuildPhase;
			buildActionMask = 2147483647;
			files = (
			);
			inputPaths = (
			);
			name = "[CP] Check Pods Manifest.lock";
			outputPaths = (
			);
			runOnlyForDeploymentPostprocessing = 0;
			shellPath = /bin/sh;
			shellScript = "diff \"${PODS_ROOT}/../Podfile.lock\" \"${PODS_ROOT}/Manifest.lock\" > /dev/null\nif [[ $? != 0 ]] ; then\n    cat << EOM\nerror: The sandbox is not in sync with the Podfile.lock. Run 'pod install' or update your CocoaPods installation.\nEOM\n    exit 1\nfi\n";
			showEnvVarsInLog = 0;
		};
		8687DC812D573EF443785B66 /* [CP] Copy Pods Resources */ = {
			isa = PBXShellScriptBuildPhase;
			buildActionMask = 2147483647;
			files = (
			);
			inputPaths = (
			);
			name = "[CP] Copy Pods Resources";
			outputPaths = (
			);
			runOnlyForDeploymentPostprocessing = 0;
			shellPath = /bin/sh;
			shellScript = "\"${SRCROOT}/Pods/Target Support Files/Pods-CrossFeed/Pods-CrossFeed-resources.sh\"\n";
			showEnvVarsInLog = 0;
		};
		9300C8E3A192B0C07A6F852B /* [CP] Embed Pods Frameworks */ = {
			isa = PBXShellScriptBuildPhase;
			buildActionMask = 2147483647;
			files = (
			);
			inputPaths = (
			);
			name = "[CP] Embed Pods Frameworks";
			outputPaths = (
			);
			runOnlyForDeploymentPostprocessing = 0;
			shellPath = /bin/sh;
			shellScript = "\"${SRCROOT}/Pods/Target Support Files/Pods-CrossFeed/Pods-CrossFeed-frameworks.sh\"\n";
			showEnvVarsInLog = 0;
		};
/* End PBXShellScriptBuildPhase section */

/* Begin PBXSourcesBuildPhase section */
		8ECA673B1DCA634200A0E241 /* Sources */ = {
			isa = PBXSourcesBuildPhase;
			buildActionMask = 2147483647;
			files = (
				8ED1F0361DCF780900C1AC8E /* CFDBBCFeedsDataSource.m in Sources */,
				8ED1F0221DCF49D000C1AC8E /* NSDate+CFDDateConverter.m in Sources */,
				8ED1F0021DCE05F100C1AC8E /* CFDBBCArticle.m in Sources */,
				8ED1F03A1DCF785800C1AC8E /* CFDStackOverflowFeedsDataSource.m in Sources */,
				8ED1F0321DCF77D600C1AC8E /* CFDAllFeedsDataSource.m in Sources */,
				8ED1F0441DCF78DC00C1AC8E /* CFDBBCTableViewCell.m in Sources */,
				8ED1F01E1DCE28E700C1AC8E /* CFDStackOverflowPost.m in Sources */,
				8ECA67471DCA634200A0E241 /* AppDelegate.m in Sources */,
				8E3C2FDE1DD78AB000F53AA4 /* NSString+CFDStringExtension.m in Sources */,
				8ED1EFFE1DCDFC5100C1AC8E /* CFDBBCNetworkManager.m in Sources */,
				8ECA67441DCA634200A0E241 /* main.m in Sources */,
				8ECA675B1DCAA30F00A0E241 /* CFDStackOverflowNetworkManager.m in Sources */,
				8ED1F02E1DCF776A00C1AC8E /* CFDMainViewController.m in Sources */,
				8ED1F0401DCF78B700C1AC8E /* CFDStackOverflowTableViewCell.m in Sources */,
				8ED1F04A1DCF80EC00C1AC8E /* UIViewController+CFDErrorAlert.m in Sources */,
				8E3C2FE61DD89FEE00F53AA4 /* CFDDetailsViewController.m in Sources */,
			);
			runOnlyForDeploymentPostprocessing = 0;
		};
/* End PBXSourcesBuildPhase section */

/* Begin PBXVariantGroup section */
		8ECA674B1DCA634200A0E241 /* Main.storyboard */ = {
			isa = PBXVariantGroup;
			children = (
				8ECA674C1DCA634200A0E241 /* Base */,
			);
			name = Main.storyboard;
			sourceTree = "<group>";
		};
		8ECA67501DCA634200A0E241 /* LaunchScreen.storyboard */ = {
			isa = PBXVariantGroup;
			children = (
				8ECA67511DCA634200A0E241 /* Base */,
			);
			name = LaunchScreen.storyboard;
			sourceTree = "<group>";
		};
/* End PBXVariantGroup section */

/* Begin XCBuildConfiguration section */
		8ECA67541DCA634200A0E241 /* Debug */ = {
			isa = XCBuildConfiguration;
			buildSettings = {
				ALWAYS_SEARCH_USER_PATHS = NO;
				CLANG_ANALYZER_NONNULL = YES;
				CLANG_CXX_LANGUAGE_STANDARD = "gnu++0x";
				CLANG_CXX_LIBRARY = "libc++";
				CLANG_ENABLE_MODULES = YES;
				CLANG_ENABLE_OBJC_ARC = YES;
				CLANG_WARN_BOOL_CONVERSION = YES;
				CLANG_WARN_CONSTANT_CONVERSION = YES;
				CLANG_WARN_DIRECT_OBJC_ISA_USAGE = YES_ERROR;
				CLANG_WARN_DOCUMENTATION_COMMENTS = YES;
				CLANG_WARN_EMPTY_BODY = YES;
				CLANG_WARN_ENUM_CONVERSION = YES;
				CLANG_WARN_INFINITE_RECURSION = YES;
				CLANG_WARN_INT_CONVERSION = YES;
				CLANG_WARN_OBJC_ROOT_CLASS = YES_ERROR;
				CLANG_WARN_SUSPICIOUS_MOVE = YES;
				CLANG_WARN_SUSPICIOUS_MOVES = YES;
				CLANG_WARN_UNREACHABLE_CODE = YES;
				CLANG_WARN__DUPLICATE_METHOD_MATCH = YES;
				"CODE_SIGN_IDENTITY[sdk=iphoneos*]" = "iPhone Developer";
				COPY_PHASE_STRIP = NO;
				DEBUG_INFORMATION_FORMAT = dwarf;
				ENABLE_STRICT_OBJC_MSGSEND = YES;
				ENABLE_TESTABILITY = YES;
				GCC_C_LANGUAGE_STANDARD = gnu99;
				GCC_DYNAMIC_NO_PIC = NO;
				GCC_NO_COMMON_BLOCKS = YES;
				GCC_OPTIMIZATION_LEVEL = 0;
				GCC_PREPROCESSOR_DEFINITIONS = (
					"DEBUG=1",
					"$(inherited)",
				);
				GCC_WARN_64_TO_32_BIT_CONVERSION = YES;
				GCC_WARN_ABOUT_RETURN_TYPE = YES_ERROR;
				GCC_WARN_UNDECLARED_SELECTOR = YES;
				GCC_WARN_UNINITIALIZED_AUTOS = YES_AGGRESSIVE;
				GCC_WARN_UNUSED_FUNCTION = YES;
				GCC_WARN_UNUSED_VARIABLE = YES;
				IPHONEOS_DEPLOYMENT_TARGET = 9.0;
				MTL_ENABLE_DEBUG_INFO = YES;
				ONLY_ACTIVE_ARCH = YES;
				SDKROOT = iphoneos;
			};
			name = Debug;
		};
		8ECA67551DCA634200A0E241 /* Release */ = {
			isa = XCBuildConfiguration;
			buildSettings = {
				ALWAYS_SEARCH_USER_PATHS = NO;
				CLANG_ANALYZER_NONNULL = YES;
				CLANG_CXX_LANGUAGE_STANDARD = "gnu++0x";
				CLANG_CXX_LIBRARY = "libc++";
				CLANG_ENABLE_MODULES = YES;
				CLANG_ENABLE_OBJC_ARC = YES;
				CLANG_WARN_BOOL_CONVERSION = YES;
				CLANG_WARN_CONSTANT_CONVERSION = YES;
				CLANG_WARN_DIRECT_OBJC_ISA_USAGE = YES_ERROR;
				CLANG_WARN_DOCUMENTATION_COMMENTS = YES;
				CLANG_WARN_EMPTY_BODY = YES;
				CLANG_WARN_ENUM_CONVERSION = YES;
				CLANG_WARN_INFINITE_RECURSION = YES;
				CLANG_WARN_INT_CONVERSION = YES;
				CLANG_WARN_OBJC_ROOT_CLASS = YES_ERROR;
				CLANG_WARN_SUSPICIOUS_MOVE = YES;
				CLANG_WARN_SUSPICIOUS_MOVES = YES;
				CLANG_WARN_UNREACHABLE_CODE = YES;
				CLANG_WARN__DUPLICATE_METHOD_MATCH = YES;
				"CODE_SIGN_IDENTITY[sdk=iphoneos*]" = "iPhone Developer";
				COPY_PHASE_STRIP = NO;
				DEBUG_INFORMATION_FORMAT = "dwarf-with-dsym";
				ENABLE_NS_ASSERTIONS = NO;
				ENABLE_STRICT_OBJC_MSGSEND = YES;
				GCC_C_LANGUAGE_STANDARD = gnu99;
				GCC_NO_COMMON_BLOCKS = YES;
				GCC_WARN_64_TO_32_BIT_CONVERSION = YES;
				GCC_WARN_ABOUT_RETURN_TYPE = YES_ERROR;
				GCC_WARN_UNDECLARED_SELECTOR = YES;
				GCC_WARN_UNINITIALIZED_AUTOS = YES_AGGRESSIVE;
				GCC_WARN_UNUSED_FUNCTION = YES;
				GCC_WARN_UNUSED_VARIABLE = YES;
				IPHONEOS_DEPLOYMENT_TARGET = 9.0;
				MTL_ENABLE_DEBUG_INFO = NO;
				SDKROOT = iphoneos;
				VALIDATE_PRODUCT = YES;
			};
			name = Release;
		};
		8ECA67571DCA634200A0E241 /* Debug */ = {
			isa = XCBuildConfiguration;
			baseConfigurationReference = BA08587EABA4295A8AE3E8C7 /* Pods-CrossFeed.debug.xcconfig */;
			buildSettings = {
				ASSETCATALOG_COMPILER_APPICON_NAME = AppIcon;
				"CODE_SIGN_IDENTITY[sdk=iphoneos*]" = "iPhone Developer";
				DEVELOPMENT_TEAM = A6LF3JN6LP;
				INFOPLIST_FILE = CrossFeed/Info.plist;
				LD_RUNPATH_SEARCH_PATHS = "$(inherited) @executable_path/Frameworks";
				PRODUCT_BUNDLE_IDENTIFIER = DanilVoitenko.CrossFeed;
				PRODUCT_NAME = "$(TARGET_NAME)";
				PROVISIONING_PROFILE = "";
				PROVISIONING_PROFILE_SPECIFIER = "";
			};
			name = Debug;
		};
		8ECA67581DCA634200A0E241 /* Release */ = {
			isa = XCBuildConfiguration;
			baseConfigurationReference = 76BB9F63E8CFE7BF8FDE8170 /* Pods-CrossFeed.release.xcconfig */;
			buildSettings = {
				ASSETCATALOG_COMPILER_APPICON_NAME = AppIcon;
				"CODE_SIGN_IDENTITY[sdk=iphoneos*]" = "iPhone Developer";
				DEVELOPMENT_TEAM = A6LF3JN6LP;
				INFOPLIST_FILE = CrossFeed/Info.plist;
				LD_RUNPATH_SEARCH_PATHS = "$(inherited) @executable_path/Frameworks";
				PRODUCT_BUNDLE_IDENTIFIER = DanilVoitenko.CrossFeed;
				PRODUCT_NAME = "$(TARGET_NAME)";
			};
			name = Release;
		};
/* End XCBuildConfiguration section */

/* Begin XCConfigurationList section */
		8ECA673A1DCA634200A0E241 /* Build configuration list for PBXProject "CrossFeed" */ = {
			isa = XCConfigurationList;
			buildConfigurations = (
				8ECA67541DCA634200A0E241 /* Debug */,
				8ECA67551DCA634200A0E241 /* Release */,
			);
			defaultConfigurationIsVisible = 0;
			defaultConfigurationName = Release;
		};
		8ECA67561DCA634200A0E241 /* Build configuration list for PBXNativeTarget "CrossFeed" */ = {
			isa = XCConfigurationList;
			buildConfigurations = (
				8ECA67571DCA634200A0E241 /* Debug */,
				8ECA67581DCA634200A0E241 /* Release */,
			);
			defaultConfigurationIsVisible = 0;
			defaultConfigurationName = Release;
		};
/* End XCConfigurationList section */
	};
	rootObject = 8ECA67371DCA634200A0E241 /* Project object */;
}
